// !$*UTF8*$!
{
	archiveVersion = 1;
	classes = {
	};
	objectVersion = 56;
	objects = {

/* Begin PBXBuildFile section */
		B72DE9032B16368C00989CE7 /* NanumGothicBold.ttf in Resources */ = {isa = PBXBuildFile; fileRef = B72DE8FF2B16368C00989CE7 /* NanumGothicBold.ttf */; };
		B72DE9042B16368C00989CE7 /* NanumGothicBold.ttf in Resources */ = {isa = PBXBuildFile; fileRef = B72DE8FF2B16368C00989CE7 /* NanumGothicBold.ttf */; };
		B72DE9052B16368C00989CE7 /* NanumGothicBold.ttf in Resources */ = {isa = PBXBuildFile; fileRef = B72DE8FF2B16368C00989CE7 /* NanumGothicBold.ttf */; };
		B72DE9062B16368C00989CE7 /* NanumGothic.ttf in Resources */ = {isa = PBXBuildFile; fileRef = B72DE9002B16368C00989CE7 /* NanumGothic.ttf */; };
		B72DE9072B16368C00989CE7 /* NanumGothic.ttf in Resources */ = {isa = PBXBuildFile; fileRef = B72DE9002B16368C00989CE7 /* NanumGothic.ttf */; };
		B72DE9082B16368C00989CE7 /* NanumGothic.ttf in Resources */ = {isa = PBXBuildFile; fileRef = B72DE9002B16368C00989CE7 /* NanumGothic.ttf */; };
		B72DE9092B16368C00989CE7 /* NanumGothicLight.ttf in Resources */ = {isa = PBXBuildFile; fileRef = B72DE9012B16368C00989CE7 /* NanumGothicLight.ttf */; };
		B72DE90A2B16368C00989CE7 /* NanumGothicLight.ttf in Resources */ = {isa = PBXBuildFile; fileRef = B72DE9012B16368C00989CE7 /* NanumGothicLight.ttf */; };
		B72DE90B2B16368C00989CE7 /* NanumGothicLight.ttf in Resources */ = {isa = PBXBuildFile; fileRef = B72DE9012B16368C00989CE7 /* NanumGothicLight.ttf */; };
		B72DE90C2B16368C00989CE7 /* NanumGothicExtraBold.ttf in Resources */ = {isa = PBXBuildFile; fileRef = B72DE9022B16368C00989CE7 /* NanumGothicExtraBold.ttf */; };
		B72DE90D2B16368C00989CE7 /* NanumGothicExtraBold.ttf in Resources */ = {isa = PBXBuildFile; fileRef = B72DE9022B16368C00989CE7 /* NanumGothicExtraBold.ttf */; };
		B72DE90E2B16368C00989CE7 /* NanumGothicExtraBold.ttf in Resources */ = {isa = PBXBuildFile; fileRef = B72DE9022B16368C00989CE7 /* NanumGothicExtraBold.ttf */; };
		B72DE9142B16846600989CE7 /* AddPopUp.storyboard in Resources */ = {isa = PBXBuildFile; fileRef = B72DE9132B16846600989CE7 /* AddPopUp.storyboard */; };
		B72DE9152B16846600989CE7 /* AddPopUp.storyboard in Resources */ = {isa = PBXBuildFile; fileRef = B72DE9132B16846600989CE7 /* AddPopUp.storyboard */; };
		B72DE9162B16846600989CE7 /* AddPopUp.storyboard in Resources */ = {isa = PBXBuildFile; fileRef = B72DE9132B16846600989CE7 /* AddPopUp.storyboard */; };
		B72DE9182B16873D00989CE7 /* AddPopUp.swift in Sources */ = {isa = PBXBuildFile; fileRef = B72DE9172B16873D00989CE7 /* AddPopUp.swift */; };
		B72DE9192B16873D00989CE7 /* AddPopUp.swift in Sources */ = {isa = PBXBuildFile; fileRef = B72DE9172B16873D00989CE7 /* AddPopUp.swift */; };
		B72DE91A2B16873D00989CE7 /* AddPopUp.swift in Sources */ = {isa = PBXBuildFile; fileRef = B72DE9172B16873D00989CE7 /* AddPopUp.swift */; };
		B7719E7E2B161D8100351B1C /* AppDelegate.swift in Sources */ = {isa = PBXBuildFile; fileRef = B7719E7D2B161D8100351B1C /* AppDelegate.swift */; };
		B7719E802B161D8100351B1C /* SceneDelegate.swift in Sources */ = {isa = PBXBuildFile; fileRef = B7719E7F2B161D8100351B1C /* SceneDelegate.swift */; };
		B7719E822B161D8100351B1C /* ViewController.swift in Sources */ = {isa = PBXBuildFile; fileRef = B7719E812B161D8100351B1C /* ViewController.swift */; };
		B7719E852B161D8100351B1C /* Main.storyboard in Resources */ = {isa = PBXBuildFile; fileRef = B7719E832B161D8100351B1C /* Main.storyboard */; };
		B7719E872B161D8400351B1C /* Assets.xcassets in Resources */ = {isa = PBXBuildFile; fileRef = B7719E862B161D8400351B1C /* Assets.xcassets */; };
		B7719E8A2B161D8400351B1C /* LaunchScreen.storyboard in Resources */ = {isa = PBXBuildFile; fileRef = B7719E882B161D8400351B1C /* LaunchScreen.storyboard */; };
		B7719E952B161D8400351B1C /* TableView_practiceTests.swift in Sources */ = {isa = PBXBuildFile; fileRef = B7719E942B161D8400351B1C /* TableView_practiceTests.swift */; };
		B7719E9F2B161D8500351B1C /* TableView_practiceUITests.swift in Sources */ = {isa = PBXBuildFile; fileRef = B7719E9E2B161D8500351B1C /* TableView_practiceUITests.swift */; };
		B7719EA12B161D8500351B1C /* TableView_practiceUITestsLaunchTests.swift in Sources */ = {isa = PBXBuildFile; fileRef = B7719EA02B161D8500351B1C /* TableView_practiceUITestsLaunchTests.swift */; };
		B7719EB52B162C1A00351B1C /* NibCell.swift in Sources */ = {isa = PBXBuildFile; fileRef = B7719EB42B162C1A00351B1C /* NibCell.swift */; };
		B7719EB72B162C2400351B1C /* NibCell.xib in Resources */ = {isa = PBXBuildFile; fileRef = B7719EB62B162C2400351B1C /* NibCell.xib */; };
/* End PBXBuildFile section */

/* Begin PBXContainerItemProxy section */
		B7719E912B161D8400351B1C /* PBXContainerItemProxy */ = {
			isa = PBXContainerItemProxy;
			containerPortal = B7719E722B161D8100351B1C /* Project object */;
			proxyType = 1;
			remoteGlobalIDString = B7719E792B161D8100351B1C;
			remoteInfo = TableView_practice;
		};
		B7719E9B2B161D8500351B1C /* PBXContainerItemProxy */ = {
			isa = PBXContainerItemProxy;
			containerPortal = B7719E722B161D8100351B1C /* Project object */;
			proxyType = 1;
			remoteGlobalIDString = B7719E792B161D8100351B1C;
			remoteInfo = TableView_practice;
		};
/* End PBXContainerItemProxy section */

/* Begin PBXFileReference section */
		B72DE8FF2B16368C00989CE7 /* NanumGothicBold.ttf */ = {isa = PBXFileReference; lastKnownFileType = file; path = NanumGothicBold.ttf; sourceTree = "<group>"; };
		B72DE9002B16368C00989CE7 /* NanumGothic.ttf */ = {isa = PBXFileReference; lastKnownFileType = file; path = NanumGothic.ttf; sourceTree = "<group>"; };
		B72DE9012B16368C00989CE7 /* NanumGothicLight.ttf */ = {isa = PBXFileReference; lastKnownFileType = file; path = NanumGothicLight.ttf; sourceTree = "<group>"; };
		B72DE9022B16368C00989CE7 /* NanumGothicExtraBold.ttf */ = {isa = PBXFileReference; lastKnownFileType = file; path = NanumGothicExtraBold.ttf; sourceTree = "<group>"; };
		B72DE9132B16846600989CE7 /* AddPopUp.storyboard */ = {isa = PBXFileReference; lastKnownFileType = file.storyboard; path = AddPopUp.storyboard; sourceTree = "<group>"; };
		B72DE9172B16873D00989CE7 /* AddPopUp.swift */ = {isa = PBXFileReference; lastKnownFileType = sourcecode.swift; path = AddPopUp.swift; sourceTree = "<group>"; };
		B7719E7A2B161D8100351B1C /* TableView_practice.app */ = {isa = PBXFileReference; explicitFileType = wrapper.application; includeInIndex = 0; path = TableView_practice.app; sourceTree = BUILT_PRODUCTS_DIR; };
		B7719E7D2B161D8100351B1C /* AppDelegate.swift */ = {isa = PBXFileReference; lastKnownFileType = sourcecode.swift; path = AppDelegate.swift; sourceTree = "<group>"; };
		B7719E7F2B161D8100351B1C /* SceneDelegate.swift */ = {isa = PBXFileReference; lastKnownFileType = sourcecode.swift; path = SceneDelegate.swift; sourceTree = "<group>"; };
		B7719E812B161D8100351B1C /* ViewController.swift */ = {isa = PBXFileReference; lastKnownFileType = sourcecode.swift; path = ViewController.swift; sourceTree = "<group>"; };
		B7719E842B161D8100351B1C /* Base */ = {isa = PBXFileReference; lastKnownFileType = file.storyboard; name = Base; path = Base.lproj/Main.storyboard; sourceTree = "<group>"; };
		B7719E862B161D8400351B1C /* Assets.xcassets */ = {isa = PBXFileReference; lastKnownFileType = folder.assetcatalog; path = Assets.xcassets; sourceTree = "<group>"; };
		B7719E892B161D8400351B1C /* Base */ = {isa = PBXFileReference; lastKnownFileType = file.storyboard; name = Base; path = Base.lproj/LaunchScreen.storyboard; sourceTree = "<group>"; };
		B7719E8B2B161D8400351B1C /* Info.plist */ = {isa = PBXFileReference; lastKnownFileType = text.plist.xml; path = Info.plist; sourceTree = "<group>"; };
		B7719E902B161D8400351B1C /* TableView_practiceTests.xctest */ = {isa = PBXFileReference; explicitFileType = wrapper.cfbundle; includeInIndex = 0; path = TableView_practiceTests.xctest; sourceTree = BUILT_PRODUCTS_DIR; };
		B7719E942B161D8400351B1C /* TableView_practiceTests.swift */ = {isa = PBXFileReference; lastKnownFileType = sourcecode.swift; path = TableView_practiceTests.swift; sourceTree = "<group>"; };
		B7719E9A2B161D8500351B1C /* TableView_practiceUITests.xctest */ = {isa = PBXFileReference; explicitFileType = wrapper.cfbundle; includeInIndex = 0; path = TableView_practiceUITests.xctest; sourceTree = BUILT_PRODUCTS_DIR; };
		B7719E9E2B161D8500351B1C /* TableView_practiceUITests.swift */ = {isa = PBXFileReference; lastKnownFileType = sourcecode.swift; path = TableView_practiceUITests.swift; sourceTree = "<group>"; };
		B7719EA02B161D8500351B1C /* TableView_practiceUITestsLaunchTests.swift */ = {isa = PBXFileReference; lastKnownFileType = sourcecode.swift; path = TableView_practiceUITestsLaunchTests.swift; sourceTree = "<group>"; };
		B7719EB42B162C1A00351B1C /* NibCell.swift */ = {isa = PBXFileReference; lastKnownFileType = sourcecode.swift; path = NibCell.swift; sourceTree = "<group>"; };
		B7719EB62B162C2400351B1C /* NibCell.xib */ = {isa = PBXFileReference; lastKnownFileType = file.xib; path = NibCell.xib; sourceTree = "<group>"; };
/* End PBXFileReference section */

/* Begin PBXFrameworksBuildPhase section */
		B7719E772B161D8100351B1C /* Frameworks */ = {
			isa = PBXFrameworksBuildPhase;
			buildActionMask = 2147483647;
			files = (
			);
			runOnlyForDeploymentPostprocessing = 0;
		};
		B7719E8D2B161D8400351B1C /* Frameworks */ = {
			isa = PBXFrameworksBuildPhase;
			buildActionMask = 2147483647;
			files = (
			);
			runOnlyForDeploymentPostprocessing = 0;
		};
		B7719E972B161D8500351B1C /* Frameworks */ = {
			isa = PBXFrameworksBuildPhase;
			buildActionMask = 2147483647;
			files = (
			);
			runOnlyForDeploymentPostprocessing = 0;
		};
/* End PBXFrameworksBuildPhase section */

/* Begin PBXGroup section */
		B7719E712B161D8100351B1C = {
			isa = PBXGroup;
			children = (
				B7719E7C2B161D8100351B1C /* TableView_practice */,
				B7719E932B161D8400351B1C /* TableView_practiceTests */,
				B7719E9D2B161D8500351B1C /* TableView_practiceUITests */,
				B7719E7B2B161D8100351B1C /* Products */,
			);
			sourceTree = "<group>";
		};
		B7719E7B2B161D8100351B1C /* Products */ = {
			isa = PBXGroup;
			children = (
				B7719E7A2B161D8100351B1C /* TableView_practice.app */,
				B7719E902B161D8400351B1C /* TableView_practiceTests.xctest */,
				B7719E9A2B161D8500351B1C /* TableView_practiceUITests.xctest */,
			);
			name = Products;
			sourceTree = "<group>";
		};
		B7719E7C2B161D8100351B1C /* TableView_practice */ = {
			isa = PBXGroup;
			children = (
				B7719EAD2B161E7B00351B1C /* Font */,
				B7719E7D2B161D8100351B1C /* AppDelegate.swift */,
				B7719E7F2B161D8100351B1C /* SceneDelegate.swift */,
				B7719E812B161D8100351B1C /* ViewController.swift */,
				B7719E832B161D8100351B1C /* Main.storyboard */,
				B7719E862B161D8400351B1C /* Assets.xcassets */,
				B7719E882B161D8400351B1C /* LaunchScreen.storyboard */,
				B7719E8B2B161D8400351B1C /* Info.plist */,
				B7719EB42B162C1A00351B1C /* NibCell.swift */,
				B7719EB62B162C2400351B1C /* NibCell.xib */,
				B72DE9132B16846600989CE7 /* AddPopUp.storyboard */,
				B72DE9172B16873D00989CE7 /* AddPopUp.swift */,
			);
			path = TableView_practice;
			sourceTree = "<group>";
		};
		B7719E932B161D8400351B1C /* TableView_practiceTests */ = {
			isa = PBXGroup;
			children = (
				B7719E942B161D8400351B1C /* TableView_practiceTests.swift */,
			);
			path = TableView_practiceTests;
			sourceTree = "<group>";
		};
		B7719E9D2B161D8500351B1C /* TableView_practiceUITests */ = {
			isa = PBXGroup;
			children = (
				B7719E9E2B161D8500351B1C /* TableView_practiceUITests.swift */,
				B7719EA02B161D8500351B1C /* TableView_practiceUITestsLaunchTests.swift */,
			);
			path = TableView_practiceUITests;
			sourceTree = "<group>";
		};
		B7719EAD2B161E7B00351B1C /* Font */ = {
			isa = PBXGroup;
			children = (
				B72DE9002B16368C00989CE7 /* NanumGothic.ttf */,
				B72DE8FF2B16368C00989CE7 /* NanumGothicBold.ttf */,
				B72DE9022B16368C00989CE7 /* NanumGothicExtraBold.ttf */,
				B72DE9012B16368C00989CE7 /* NanumGothicLight.ttf */,
			);
			path = Font;
			sourceTree = "<group>";
		};
/* End PBXGroup section */

/* Begin PBXNativeTarget section */
		B7719E792B161D8100351B1C /* TableView_practice */ = {
			isa = PBXNativeTarget;
			buildConfigurationList = B7719EA42B161D8500351B1C /* Build configuration list for PBXNativeTarget "TableView_practice" */;
			buildPhases = (
				B7719E762B161D8100351B1C /* Sources */,
				B7719E772B161D8100351B1C /* Frameworks */,
				B7719E782B161D8100351B1C /* Resources */,
			);
			buildRules = (
			);
			dependencies = (
			);
			name = TableView_practice;
			productName = TableView_practice;
			productReference = B7719E7A2B161D8100351B1C /* TableView_practice.app */;
			productType = "com.apple.product-type.application";
		};
		B7719E8F2B161D8400351B1C /* TableView_practiceTests */ = {
			isa = PBXNativeTarget;
			buildConfigurationList = B7719EA72B161D8500351B1C /* Build configuration list for PBXNativeTarget "TableView_practiceTests" */;
			buildPhases = (
				B7719E8C2B161D8400351B1C /* Sources */,
				B7719E8D2B161D8400351B1C /* Frameworks */,
				B7719E8E2B161D8400351B1C /* Resources */,
			);
			buildRules = (
			);
			dependencies = (
				B7719E922B161D8400351B1C /* PBXTargetDependency */,
			);
			name = TableView_practiceTests;
			productName = TableView_practiceTests;
			productReference = B7719E902B161D8400351B1C /* TableView_practiceTests.xctest */;
			productType = "com.apple.product-type.bundle.unit-test";
		};
		B7719E992B161D8500351B1C /* TableView_practiceUITests */ = {
			isa = PBXNativeTarget;
			buildConfigurationList = B7719EAA2B161D8500351B1C /* Build configuration list for PBXNativeTarget "TableView_practiceUITests" */;
			buildPhases = (
				B7719E962B161D8500351B1C /* Sources */,
				B7719E972B161D8500351B1C /* Frameworks */,
				B7719E982B161D8500351B1C /* Resources */,
			);
			buildRules = (
			);
			dependencies = (
				B7719E9C2B161D8500351B1C /* PBXTargetDependency */,
			);
			name = TableView_practiceUITests;
			productName = TableView_practiceUITests;
			productReference = B7719E9A2B161D8500351B1C /* TableView_practiceUITests.xctest */;
			productType = "com.apple.product-type.bundle.ui-testing";
		};
/* End PBXNativeTarget section */

/* Begin PBXProject section */
		B7719E722B161D8100351B1C /* Project object */ = {
			isa = PBXProject;
			attributes = {
				BuildIndependentTargetsInParallel = 1;
				LastSwiftUpdateCheck = 1500;
				LastUpgradeCheck = 1500;
				TargetAttributes = {
					B7719E792B161D8100351B1C = {
						CreatedOnToolsVersion = 15.0.1;
					};
					B7719E8F2B161D8400351B1C = {
						CreatedOnToolsVersion = 15.0.1;
						TestTargetID = B7719E792B161D8100351B1C;
					};
					B7719E992B161D8500351B1C = {
						CreatedOnToolsVersion = 15.0.1;
						TestTargetID = B7719E792B161D8100351B1C;
					};
				};
			};
			buildConfigurationList = B7719E752B161D8100351B1C /* Build configuration list for PBXProject "TableView_practice" */;
			compatibilityVersion = "Xcode 14.0";
			developmentRegion = en;
			hasScannedForEncodings = 0;
			knownRegions = (
				en,
				Base,
			);
			mainGroup = B7719E712B161D8100351B1C;
			productRefGroup = B7719E7B2B161D8100351B1C /* Products */;
			projectDirPath = "";
			projectRoot = "";
			targets = (
				B7719E792B161D8100351B1C /* TableView_practice */,
				B7719E8F2B161D8400351B1C /* TableView_practiceTests */,
				B7719E992B161D8500351B1C /* TableView_practiceUITests */,
			);
		};
/* End PBXProject section */

/* Begin PBXResourcesBuildPhase section */
		B7719E782B161D8100351B1C /* Resources */ = {
			isa = PBXResourcesBuildPhase;
			buildActionMask = 2147483647;
			files = (
				B72DE9092B16368C00989CE7 /* NanumGothicLight.ttf in Resources */,
				B72DE9062B16368C00989CE7 /* NanumGothic.ttf in Resources */,
				B7719E8A2B161D8400351B1C /* LaunchScreen.storyboard in Resources */,
				B72DE9142B16846600989CE7 /* AddPopUp.storyboard in Resources */,
				B7719EB72B162C2400351B1C /* NibCell.xib in Resources */,
				B7719E872B161D8400351B1C /* Assets.xcassets in Resources */,
				B72DE9032B16368C00989CE7 /* NanumGothicBold.ttf in Resources */,
				B72DE90C2B16368C00989CE7 /* NanumGothicExtraBold.ttf in Resources */,
				B7719E852B161D8100351B1C /* Main.storyboard in Resources */,
			);
			runOnlyForDeploymentPostprocessing = 0;
		};
		B7719E8E2B161D8400351B1C /* Resources */ = {
			isa = PBXResourcesBuildPhase;
			buildActionMask = 2147483647;
			files = (
				B72DE90A2B16368C00989CE7 /* NanumGothicLight.ttf in Resources */,
				B72DE9072B16368C00989CE7 /* NanumGothic.ttf in Resources */,
				B72DE9152B16846600989CE7 /* AddPopUp.storyboard in Resources */,
				B72DE90D2B16368C00989CE7 /* NanumGothicExtraBold.ttf in Resources */,
				B72DE9042B16368C00989CE7 /* NanumGothicBold.ttf in Resources */,
			);
			runOnlyForDeploymentPostprocessing = 0;
		};
		B7719E982B161D8500351B1C /* Resources */ = {
			isa = PBXResourcesBuildPhase;
			buildActionMask = 2147483647;
			files = (
				B72DE90B2B16368C00989CE7 /* NanumGothicLight.ttf in Resources */,
				B72DE9082B16368C00989CE7 /* NanumGothic.ttf in Resources */,
				B72DE9162B16846600989CE7 /* AddPopUp.storyboard in Resources */,
				B72DE90E2B16368C00989CE7 /* NanumGothicExtraBold.ttf in Resources */,
				B72DE9052B16368C00989CE7 /* NanumGothicBold.ttf in Resources */,
			);
			runOnlyForDeploymentPostprocessing = 0;
		};
/* End PBXResourcesBuildPhase section */

/* Begin PBXSourcesBuildPhase section */
		B7719E762B161D8100351B1C /* Sources */ = {
			isa = PBXSourcesBuildPhase;
			buildActionMask = 2147483647;
			files = (
				B7719E822B161D8100351B1C /* ViewController.swift in Sources */,
				B7719EB52B162C1A00351B1C /* NibCell.swift in Sources */,
				B72DE9182B16873D00989CE7 /* AddPopUp.swift in Sources */,
				B7719E7E2B161D8100351B1C /* AppDelegate.swift in Sources */,
				B7719E802B161D8100351B1C /* SceneDelegate.swift in Sources */,
			);
			runOnlyForDeploymentPostprocessing = 0;
		};
		B7719E8C2B161D8400351B1C /* Sources */ = {
			isa = PBXSourcesBuildPhase;
			buildActionMask = 2147483647;
			files = (
				B72DE9192B16873D00989CE7 /* AddPopUp.swift in Sources */,
				B7719E952B161D8400351B1C /* TableView_practiceTests.swift in Sources */,
			);
			runOnlyForDeploymentPostprocessing = 0;
		};
		B7719E962B161D8500351B1C /* Sources */ = {
			isa = PBXSourcesBuildPhase;
			buildActionMask = 2147483647;
			files = (
				B7719E9F2B161D8500351B1C /* TableView_practiceUITests.swift in Sources */,
				B7719EA12B161D8500351B1C /* TableView_practiceUITestsLaunchTests.swift in Sources */,
				B72DE91A2B16873D00989CE7 /* AddPopUp.swift in Sources */,
			);
			runOnlyForDeploymentPostprocessing = 0;
		};
/* End PBXSourcesBuildPhase section */

/* Begin PBXTargetDependency section */
		B7719E922B161D8400351B1C /* PBXTargetDependency */ = {
			isa = PBXTargetDependency;
			target = B7719E792B161D8100351B1C /* TableView_practice */;
			targetProxy = B7719E912B161D8400351B1C /* PBXContainerItemProxy */;
		};
		B7719E9C2B161D8500351B1C /* PBXTargetDependency */ = {
			isa = PBXTargetDependency;
			target = B7719E792B161D8100351B1C /* TableView_practice */;
			targetProxy = B7719E9B2B161D8500351B1C /* PBXContainerItemProxy */;
		};
/* End PBXTargetDependency section */

/* Begin PBXVariantGroup section */
		B7719E832B161D8100351B1C /* Main.storyboard */ = {
			isa = PBXVariantGroup;
			children = (
				B7719E842B161D8100351B1C /* Base */,
			);
			name = Main.storyboard;
			sourceTree = "<group>";
		};
		B7719E882B161D8400351B1C /* LaunchScreen.storyboard */ = {
			isa = PBXVariantGroup;
			children = (
				B7719E892B161D8400351B1C /* Base */,
			);
			name = LaunchScreen.storyboard;
			sourceTree = "<group>";
		};
/* End PBXVariantGroup section */

/* Begin XCBuildConfiguration section */
		B7719EA22B161D8500351B1C /* Debug */ = {
			isa = XCBuildConfiguration;
			buildSettings = {
				ALWAYS_SEARCH_USER_PATHS = NO;
				ASSETCATALOG_COMPILER_GENERATE_SWIFT_ASSET_SYMBOL_EXTENSIONS = YES;
				CLANG_ANALYZER_NONNULL = YES;
				CLANG_ANALYZER_NUMBER_OBJECT_CONVERSION = YES_AGGRESSIVE;
				CLANG_CXX_LANGUAGE_STANDARD = "gnu++20";
				CLANG_ENABLE_MODULES = YES;
				CLANG_ENABLE_OBJC_ARC = YES;
				CLANG_ENABLE_OBJC_WEAK = YES;
				CLANG_WARN_BLOCK_CAPTURE_AUTORELEASING = YES;
				CLANG_WARN_BOOL_CONVERSION = YES;
				CLANG_WARN_COMMA = YES;
				CLANG_WARN_CONSTANT_CONVERSION = YES;
				CLANG_WARN_DEPRECATED_OBJC_IMPLEMENTATIONS = YES;
				CLANG_WARN_DIRECT_OBJC_ISA_USAGE = YES_ERROR;
				CLANG_WARN_DOCUMENTATION_COMMENTS = YES;
				CLANG_WARN_EMPTY_BODY = YES;
				CLANG_WARN_ENUM_CONVERSION = YES;
				CLANG_WARN_INFINITE_RECURSION = YES;
				CLANG_WARN_INT_CONVERSION = YES;
				CLANG_WARN_NON_LITERAL_NULL_CONVERSION = YES;
				CLANG_WARN_OBJC_IMPLICIT_RETAIN_SELF = YES;
				CLANG_WARN_OBJC_LITERAL_CONVERSION = YES;
				CLANG_WARN_OBJC_ROOT_CLASS = YES_ERROR;
				CLANG_WARN_QUOTED_INCLUDE_IN_FRAMEWORK_HEADER = YES;
				CLANG_WARN_RANGE_LOOP_ANALYSIS = YES;
				CLANG_WARN_STRICT_PROTOTYPES = YES;
				CLANG_WARN_SUSPICIOUS_MOVE = YES;
				CLANG_WARN_UNGUARDED_AVAILABILITY = YES_AGGRESSIVE;
				CLANG_WARN_UNREACHABLE_CODE = YES;
				CLANG_WARN__DUPLICATE_METHOD_MATCH = YES;
				COPY_PHASE_STRIP = NO;
				DEBUG_INFORMATION_FORMAT = dwarf;
				ENABLE_STRICT_OBJC_MSGSEND = YES;
				ENABLE_TESTABILITY = YES;
				ENABLE_USER_SCRIPT_SANDBOXING = YES;
				GCC_C_LANGUAGE_STANDARD = gnu17;
				GCC_DYNAMIC_NO_PIC = NO;
				GCC_NO_COMMON_BLOCKS = YES;
				GCC_OPTIMIZATION_LEVEL = 0;
				GCC_PREPROCESSOR_DEFINITIONS = (
					"DEBUG=1",
					"$(inherited)",
				);
				GCC_WARN_64_TO_32_BIT_CONVERSION = YES;
				GCC_WARN_ABOUT_RETURN_TYPE = YES_ERROR;
				GCC_WARN_UNDECLARED_SELECTOR = YES;
				GCC_WARN_UNINITIALIZED_AUTOS = YES_AGGRESSIVE;
				GCC_WARN_UNUSED_FUNCTION = YES;
				GCC_WARN_UNUSED_VARIABLE = YES;
				IPHONEOS_DEPLOYMENT_TARGET = 17.0;
				LOCALIZATION_PREFERS_STRING_CATALOGS = YES;
				MTL_ENABLE_DEBUG_INFO = INCLUDE_SOURCE;
				MTL_FAST_MATH = YES;
				ONLY_ACTIVE_ARCH = YES;
				SDKROOT = iphoneos;
				SWIFT_ACTIVE_COMPILATION_CONDITIONS = "DEBUG $(inherited)";
				SWIFT_OPTIMIZATION_LEVEL = "-Onone";
			};
			name = Debug;
		};
		B7719EA32B161D8500351B1C /* Release */ = {
			isa = XCBuildConfiguration;
			buildSettings = {
				ALWAYS_SEARCH_USER_PATHS = NO;
				ASSETCATALOG_COMPILER_GENERATE_SWIFT_ASSET_SYMBOL_EXTENSIONS = YES;
				CLANG_ANALYZER_NONNULL = YES;
				CLANG_ANALYZER_NUMBER_OBJECT_CONVERSION = YES_AGGRESSIVE;
				CLANG_CXX_LANGUAGE_STANDARD = "gnu++20";
				CLANG_ENABLE_MODULES = YES;
				CLANG_ENABLE_OBJC_ARC = YES;
				CLANG_ENABLE_OBJC_WEAK = YES;
				CLANG_WARN_BLOCK_CAPTURE_AUTORELEASING = YES;
				CLANG_WARN_BOOL_CONVERSION = YES;
				CLANG_WARN_COMMA = YES;
				CLANG_WARN_CONSTANT_CONVERSION = YES;
				CLANG_WARN_DEPRECATED_OBJC_IMPLEMENTATIONS = YES;
				CLANG_WARN_DIRECT_OBJC_ISA_USAGE = YES_ERROR;
				CLANG_WARN_DOCUMENTATION_COMMENTS = YES;
				CLANG_WARN_EMPTY_BODY = YES;
				CLANG_WARN_ENUM_CONVERSION = YES;
				CLANG_WARN_INFINITE_RECURSION = YES;
				CLANG_WARN_INT_CONVERSION = YES;
				CLANG_WARN_NON_LITERAL_NULL_CONVERSION = YES;
				CLANG_WARN_OBJC_IMPLICIT_RETAIN_SELF = YES;
				CLANG_WARN_OBJC_LITERAL_CONVERSION = YES;
				CLANG_WARN_OBJC_ROOT_CLASS = YES_ERROR;
				CLANG_WARN_QUOTED_INCLUDE_IN_FRAMEWORK_HEADER = YES;
				CLANG_WARN_RANGE_LOOP_ANALYSIS = YES;
				CLANG_WARN_STRICT_PROTOTYPES = YES;
				CLANG_WARN_SUSPICIOUS_MOVE = YES;
				CLANG_WARN_UNGUARDED_AVAILABILITY = YES_AGGRESSIVE;
				CLANG_WARN_UNREACHABLE_CODE = YES;
				CLANG_WARN__DUPLICATE_METHOD_MATCH = YES;
				COPY_PHASE_STRIP = NO;
				DEBUG_INFORMATION_FORMAT = "dwarf-with-dsym";
				ENABLE_NS_ASSERTIONS = NO;
				ENABLE_STRICT_OBJC_MSGSEND = YES;
				ENABLE_USER_SCRIPT_SANDBOXING = YES;
				GCC_C_LANGUAGE_STANDARD = gnu17;
				GCC_NO_COMMON_BLOCKS = YES;
				GCC_WARN_64_TO_32_BIT_CONVERSION = YES;
				GCC_WARN_ABOUT_RETURN_TYPE = YES_ERROR;
				GCC_WARN_UNDECLARED_SELECTOR = YES;
				GCC_WARN_UNINITIALIZED_AUTOS = YES_AGGRESSIVE;
				GCC_WARN_UNUSED_FUNCTION = YES;
				GCC_WARN_UNUSED_VARIABLE = YES;
				IPHONEOS_DEPLOYMENT_TARGET = 17.0;
				LOCALIZATION_PREFERS_STRING_CATALOGS = YES;
				MTL_ENABLE_DEBUG_INFO = NO;
				MTL_FAST_MATH = YES;
				SDKROOT = iphoneos;
				SWIFT_COMPILATION_MODE = wholemodule;
				VALIDATE_PRODUCT = YES;
			};
			name = Release;
		};
		B7719EA52B161D8500351B1C /* Debug */ = {
			isa = XCBuildConfiguration;
			buildSettings = {
				ASSETCATALOG_COMPILER_APPICON_NAME = AppIcon;
				ASSETCATALOG_COMPILER_GLOBAL_ACCENT_COLOR_NAME = AccentColor;
				CODE_SIGN_STYLE = Automatic;
				CURRENT_PROJECT_VERSION = 1;
				DEVELOPMENT_TEAM = PVM8V4TM62;
				GENERATE_INFOPLIST_FILE = YES;
				INFOPLIST_FILE = TableView_practice/Info.plist;
				INFOPLIST_KEY_UIApplicationSupportsIndirectInputEvents = YES;
				INFOPLIST_KEY_UILaunchStoryboardName = LaunchScreen;
				INFOPLIST_KEY_UIMainStoryboardFile = Main;
				INFOPLIST_KEY_UISupportedInterfaceOrientations_iPad = "UIInterfaceOrientationPortrait UIInterfaceOrientationPortraitUpsideDown UIInterfaceOrientationLandscapeLeft UIInterfaceOrientationLandscapeRight";
				INFOPLIST_KEY_UISupportedInterfaceOrientations_iPhone = "UIInterfaceOrientationPortrait UIInterfaceOrientationLandscapeLeft UIInterfaceOrientationLandscapeRight";
				LD_RUNPATH_SEARCH_PATHS = (
					"$(inherited)",
					"@executable_path/Frameworks",
				);
				MARKETING_VERSION = 1.0;
				PRODUCT_BUNDLE_IDENTIFIER = "dhui.TableView-practice";
				PRODUCT_NAME = "$(TARGET_NAME)";
				SWIFT_EMIT_LOC_STRINGS = YES;
				SWIFT_VERSION = 5.0;
				TARGETED_DEVICE_FAMILY = "1,2";
			};
			name = Debug;
		};
		B7719EA62B161D8500351B1C /* Release */ = {
			isa = XCBuildConfiguration;
			buildSettings = {
				ASSETCATALOG_COMPILER_APPICON_NAME = AppIcon;
				ASSETCATALOG_COMPILER_GLOBAL_ACCENT_COLOR_NAME = AccentColor;
				CODE_SIGN_STYLE = Automatic;
				CURRENT_PROJECT_VERSION = 1;
				DEVELOPMENT_TEAM = PVM8V4TM62;
				GENERATE_INFOPLIST_FILE = YES;
				INFOPLIST_FILE = TableView_practice/Info.plist;
				INFOPLIST_KEY_UIApplicationSupportsIndirectInputEvents = YES;
				INFOPLIST_KEY_UILaunchStoryboardName = LaunchScreen;
				INFOPLIST_KEY_UIMainStoryboardFile = Main;
				INFOPLIST_KEY_UISupportedInterfaceOrientations_iPad = "UIInterfaceOrientationPortrait UIInterfaceOrientationPortraitUpsideDown UIInterfaceOrientationLandscapeLeft UIInterfaceOrientationLandscapeRight";
				INFOPLIST_KEY_UISupportedInterfaceOrientations_iPhone = "UIInterfaceOrientationPortrait UIInterfaceOrientationLandscapeLeft UIInterfaceOrientationLandscapeRight";
				LD_RUNPATH_SEARCH_PATHS = (
					"$(inherited)",
					"@executable_path/Frameworks",
				);
				MARKETING_VERSION = 1.0;
				PRODUCT_BUNDLE_IDENTIFIER = "dhui.TableView-practice";
				PRODUCT_NAME = "$(TARGET_NAME)";
				SWIFT_EMIT_LOC_STRINGS = YES;
				SWIFT_VERSION = 5.0;
				TARGETED_DEVICE_FAMILY = "1,2";
			};
			name = Release;
		};
		B7719EA82B161D8500351B1C /* Debug */ = {
			isa = XCBuildConfiguration;
			buildSettings = {
				ALWAYS_EMBED_SWIFT_STANDARD_LIBRARIES = YES;
				BUNDLE_LOADER = "$(TEST_HOST)";
				CODE_SIGN_STYLE = Automatic;
				CURRENT_PROJECT_VERSION = 1;
				DEVELOPMENT_TEAM = PVM8V4TM62;
				GENERATE_INFOPLIST_FILE = YES;
				IPHONEOS_DEPLOYMENT_TARGET = 17.0;
				MARKETING_VERSION = 1.0;
				PRODUCT_BUNDLE_IDENTIFIER = "dhui.TableView-practiceTests";
				PRODUCT_NAME = "$(TARGET_NAME)";
				SWIFT_EMIT_LOC_STRINGS = NO;
				SWIFT_VERSION = 5.0;
				TARGETED_DEVICE_FAMILY = "1,2";
				TEST_HOST = "$(BUILT_PRODUCTS_DIR)/TableView_practice.app/$(BUNDLE_EXECUTABLE_FOLDER_PATH)/TableView_practice";
			};
			name = Debug;
		};
		B7719EA92B161D8500351B1C /* Release */ = {
			isa = XCBuildConfiguration;
			buildSettings = {
				ALWAYS_EMBED_SWIFT_STANDARD_LIBRARIES = YES;
				BUNDLE_LOADER = "$(TEST_HOST)";
				CODE_SIGN_STYLE = Automatic;
				CURRENT_PROJECT_VERSION = 1;
				DEVELOPMENT_TEAM = PVM8V4TM62;
				GENERATE_INFOPLIST_FILE = YES;
				IPHONEOS_DEPLOYMENT_TARGET = 17.0;
				MARKETING_VERSION = 1.0;
				PRODUCT_BUNDLE_IDENTIFIER = "dhui.TableView-practiceTests";
				PRODUCT_NAME = "$(TARGET_NAME)";
				SWIFT_EMIT_LOC_STRINGS = NO;
				SWIFT_VERSION = 5.0;
				TARGETED_DEVICE_FAMILY = "1,2";
				TEST_HOST = "$(BUILT_PRODUCTS_DIR)/TableView_practice.app/$(BUNDLE_EXECUTABLE_FOLDER_PATH)/TableView_practice";
			};
			name = Release;
		};
		B7719EAB2B161D8500351B1C /* Debug */ = {
			isa = XCBuildConfiguration;
			buildSettings = {
				ALWAYS_EMBED_SWIFT_STANDARD_LIBRARIES = YES;
				CODE_SIGN_STYLE = Automatic;
				CURRENT_PROJECT_VERSION = 1;
				DEVELOPMENT_TEAM = PVM8V4TM62;
				GENERATE_INFOPLIST_FILE = YES;
				MARKETING_VERSION = 1.0;
				PRODUCT_BUNDLE_IDENTIFIER = "dhui.TableView-practiceUITests";
				PRODUCT_NAME = "$(TARGET_NAME)";
				SWIFT_EMIT_LOC_STRINGS = NO;
				SWIFT_VERSION = 5.0;
				TARGETED_DEVICE_FAMILY = "1,2";
				TEST_TARGET_NAME = TableView_practice;
			};
			name = Debug;
		};
		B7719EAC2B161D8500351B1C /* Release */ = {
			isa = XCBuildConfiguration;
			buildSettings = {
				ALWAYS_EMBED_SWIFT_STANDARD_LIBRARIES = YES;
				CODE_SIGN_STYLE = Automatic;
				CURRENT_PROJECT_VERSION = 1;
				DEVELOPMENT_TEAM = PVM8V4TM62;
				GENERATE_INFOPLIST_FILE = YES;
				MARKETING_VERSION = 1.0;
				PRODUCT_BUNDLE_IDENTIFIER = "dhui.TableView-practiceUITests";
				PRODUCT_NAME = "$(TARGET_NAME)";
				SWIFT_EMIT_LOC_STRINGS = NO;
				SWIFT_VERSION = 5.0;
				TARGETED_DEVICE_FAMILY = "1,2";
				TEST_TARGET_NAME = TableView_practice;
			};
			name = Release;
		};
/* End XCBuildConfiguration section */

/* Begin XCConfigurationList section */
		B7719E752B161D8100351B1C /* Build configuration list for PBXProject "TableView_practice" */ = {
			isa = XCConfigurationList;
			buildConfigurations = (
				B7719EA22B161D8500351B1C /* Debug */,
				B7719EA32B161D8500351B1C /* Release */,
			);
			defaultConfigurationIsVisible = 0;
			defaultConfigurationName = Release;
		};
		B7719EA42B161D8500351B1C /* Build configuration list for PBXNativeTarget "TableView_practice" */ = {
			isa = XCConfigurationList;
			buildConfigurations = (
				B7719EA52B161D8500351B1C /* Debug */,
				B7719EA62B161D8500351B1C /* Release */,
			);
			defaultConfigurationIsVisible = 0;
			defaultConfigurationName = Release;
		};
		B7719EA72B161D8500351B1C /* Build configuration list for PBXNativeTarget "TableView_practiceTests" */ = {
			isa = XCConfigurationList;
			buildConfigurations = (
				B7719EA82B161D8500351B1C /* Debug */,
				B7719EA92B161D8500351B1C /* Release */,
			);
			defaultConfigurationIsVisible = 0;
			defaultConfigurationName = Release;
		};
		B7719EAA2B161D8500351B1C /* Build configuration list for PBXNativeTarget "TableView_practiceUITests" */ = {
			isa = XCConfigurationList;
			buildConfigurations = (
				B7719EAB2B161D8500351B1C /* Debug */,
				B7719EAC2B161D8500351B1C /* Release */,
			);
			defaultConfigurationIsVisible = 0;
			defaultConfigurationName = Release;
		};
/* End XCConfigurationList section */
	};
	rootObject = B7719E722B161D8100351B1C /* Project object */;
}
